{
  "requires": true,
  "lockfileVersion": 1,
  "dependencies": {
    "create-next-app": {
      "version": "11.1.0",
      "resolved": "https://registry.npmjs.org/create-next-app/-/create-next-app-11.1.0.tgz",
      "integrity": "sha512-LAKXDx7HahH/mAKsJtvLMUwYAPjXx2kPebGjWdnwC+kVdmpPs/FkMpfW3VNZ4rHSxVTmWMOIDpfDMPJ2NjZStQ=="
    }
  }
}
